// !$*UTF8*$!
{
	archiveVersion = 1;
	classes = {
	};
	objectVersion = 77;
	objects = {

/* Begin PBXBuildFile section */
		11FE675F19E9CC0656E93D9B /* AddItemView.swift in Sources */ = {isa = PBXBuildFile; fileRef = 750DC6FC6FC31992A18795C0 /* AddItemView.swift */; };
		229CA7748DE59FD1D77F232E /* ChefMateWatch.app in Embed Watch Content */ = {isa = PBXBuildFile; fileRef = 8725AFBF3A257499229E57E1 /* ChefMateWatch.app */; settings = {ATTRIBUTES = (RemoveHeadersOnCopy, ); }; };
		24FF1CCB90D0CD0AB589B77F /* AddGroceryItemIntent.swift in Sources */ = {isa = PBXBuildFile; fileRef = 825160EF3E8D371F08DD6532 /* AddGroceryItemIntent.swift */; };
		37939589E99256E5C1D87455 /* WatchModels.swift in Sources */ = {isa = PBXBuildFile; fileRef = 513624CF89CC72DEDE2D411D /* WatchModels.swift */; };
		45271137CF1F716C66193C8B /* WatchConnectivityManager.swift in Sources */ = {isa = PBXBuildFile; fileRef = 64F2A7A6357964DEE24CC265 /* WatchConnectivityManager.swift */; };
		4937AE697F9348F50E9030D7 /* ChefMateWatchApp.swift in Sources */ = {isa = PBXBuildFile; fileRef = 4BEF74BEACFD1A2B404CE647 /* ChefMateWatchApp.swift */; };
		4BA24F0A3D82A194319FD800 /* Foundation.framework in Frameworks */ = {isa = PBXBuildFile; fileRef = B9C41D88FCAFE935A1F2856A /* Foundation.framework */; };
		5DA185BE6CE5D2A755647382 /* GroceryListsView.swift in Sources */ = {isa = PBXBuildFile; fileRef = 205D39F6B226E5F6DD48DF53 /* GroceryListsView.swift */; };
		7B98E0F5B887BC1A44E24940 /* GroceryStore.swift in Sources */ = {isa = PBXBuildFile; fileRef = 98B1047D42000AA001D2B573 /* GroceryStore.swift */; };
		853E04942F8986CD00955A73 /* Bugsnag in Frameworks */ = {isa = PBXBuildFile; productRef = 853E04932F8986CD00955A73 /* Bugsnag */; };
		853E04962F8986CD00955A73 /* BugsnagNetworkRequestPlugin in Frameworks */ = {isa = PBXBuildFile; productRef = 853E04952F8986CD00955A73 /* BugsnagNetworkRequestPlugin */; };
		854859222F9B4505001123A9 /* ShareExtension.appex in Embed Foundation Extensions */ = {isa = PBXBuildFile; fileRef = 854859182F9B4505001123A9 /* ShareExtension.appex */; settings = {ATTRIBUTES = (RemoveHeadersOnCopy, ); }; };
		B7E9C9113F8FBD3BF7F3AFFC /* GroceryItemsView.swift in Sources */ = {isa = PBXBuildFile; fileRef = 6706F1DC1D7DE83A34FB8DCD /* GroceryItemsView.swift */; };
		CF419526CBA2B9512C25EB14 /* Assets.xcassets in Resources */ = {isa = PBXBuildFile; fileRef = C9D044ECA48AE60D90F4FCE2 /* Assets.xcassets */; };
/* End PBXBuildFile section */

/* Begin PBXContainerItemProxy section */
		854859202F9B4505001123A9 /* PBXContainerItemProxy */ = {
			isa = PBXContainerItemProxy;
			containerPortal = CDB0B4ADAA143F5F0B669BBA /* Project object */;
			proxyType = 1;
			remoteGlobalIDString = 854859172F9B4505001123A9;
			remoteInfo = ShareExtension;
		};
		C39681C8C4DF58B47A02D53B /* PBXContainerItemProxy */ = {
			isa = PBXContainerItemProxy;
			containerPortal = CDB0B4ADAA143F5F0B669BBA /* Project object */;
			proxyType = 1;
			remoteGlobalIDString = CBF9AFC8E8726D886BBB926C;
			remoteInfo = ChefMateWatch;
		};
/* End PBXContainerItemProxy section */

/* Begin PBXCopyFilesBuildPhase section */
		2DEC643011287C4EFA5B6B25 /* Embed Watch Content */ = {
			isa = PBXCopyFilesBuildPhase;
			buildActionMask = 2147483647;
			dstPath = "$(CONTENTS_FOLDER_PATH)/Watch";
			dstSubfolderSpec = 16;
			files = (
				229CA7748DE59FD1D77F232E /* ChefMateWatch.app in Embed Watch Content */,
			);
			name = "Embed Watch Content";
			runOnlyForDeploymentPostprocessing = 0;
		};
		854859232F9B4505001123A9 /* Embed Foundation Extensions */ = {
			isa = PBXCopyFilesBuildPhase;
			buildActionMask = 2147483647;
			dstPath = "";
			dstSubfolderSpec = 13;
			files = (
				854859222F9B4505001123A9 /* ShareExtension.appex in Embed Foundation Extensions */,
			);
			name = "Embed Foundation Extensions";
			runOnlyForDeploymentPostprocessing = 0;
		};
/* End PBXCopyFilesBuildPhase section */

/* Begin PBXFileReference section */
		205D39F6B226E5F6DD48DF53 /* GroceryListsView.swift */ = {isa = PBXFileReference; includeInIndex = 1; lastKnownFileType = sourcecode.swift; path = GroceryListsView.swift; sourceTree = "<group>"; };
		4BEF74BEACFD1A2B404CE647 /* ChefMateWatchApp.swift */ = {isa = PBXFileReference; includeInIndex = 1; lastKnownFileType = sourcecode.swift; path = ChefMateWatchApp.swift; sourceTree = "<group>"; };
		513624CF89CC72DEDE2D411D /* WatchModels.swift */ = {isa = PBXFileReference; includeInIndex = 1; lastKnownFileType = sourcecode.swift; path = WatchModels.swift; sourceTree = "<group>"; };
		64F2A7A6357964DEE24CC265 /* WatchConnectivityManager.swift */ = {isa = PBXFileReference; includeInIndex = 1; lastKnownFileType = sourcecode.swift; path = WatchConnectivityManager.swift; sourceTree = "<group>"; };
		6706F1DC1D7DE83A34FB8DCD /* GroceryItemsView.swift */ = {isa = PBXFileReference; includeInIndex = 1; lastKnownFileType = sourcecode.swift; path = GroceryItemsView.swift; sourceTree = "<group>"; };
		750DC6FC6FC31992A18795C0 /* AddItemView.swift */ = {isa = PBXFileReference; includeInIndex = 1; lastKnownFileType = sourcecode.swift; path = AddItemView.swift; sourceTree = "<group>"; };
		825160EF3E8D371F08DD6532 /* AddGroceryItemIntent.swift */ = {isa = PBXFileReference; includeInIndex = 1; lastKnownFileType = sourcecode.swift; path = AddGroceryItemIntent.swift; sourceTree = "<group>"; };
		854859182F9B4505001123A9 /* ShareExtension.appex */ = {isa = PBXFileReference; explicitFileType = "wrapper.app-extension"; includeInIndex = 0; path = ShareExtension.appex; sourceTree = BUILT_PRODUCTS_DIR; };
		8725AFBF3A257499229E57E1 /* ChefMateWatch.app */ = {isa = PBXFileReference; explicitFileType = wrapper.application; includeInIndex = 0; path = ChefMateWatch.app; sourceTree = BUILT_PRODUCTS_DIR; };
		98B1047D42000AA001D2B573 /* GroceryStore.swift */ = {isa = PBXFileReference; includeInIndex = 1; lastKnownFileType = sourcecode.swift; path = GroceryStore.swift; sourceTree = "<group>"; };
		A54AB85DFC2E74BAA712FE7C /* Chef Mate.app */ = {isa = PBXFileReference; explicitFileType = wrapper.application; includeInIndex = 0; path = "Chef Mate.app"; sourceTree = BUILT_PRODUCTS_DIR; };
		B9C41D88FCAFE935A1F2856A /* Foundation.framework */ = {isa = PBXFileReference; lastKnownFileType = wrapper.framework; name = Foundation.framework; path = Platforms/WatchOS.platform/Developer/SDKs/WatchOS11.0.sdk/System/Library/Frameworks/Foundation.framework; sourceTree = DEVELOPER_DIR; };
		C9D044ECA48AE60D90F4FCE2 /* Assets.xcassets */ = {isa = PBXFileReference; includeInIndex = 1; lastKnownFileType = folder.assetcatalog; path = Assets.xcassets; sourceTree = "<group>"; };
		E84435B955C3CE5732B9C29B /* Info.plist */ = {isa = PBXFileReference; includeInIndex = 1; lastKnownFileType = text.plist.xml; path = Info.plist; sourceTree = "<group>"; };
/* End PBXFileReference section */

/* Begin PBXFileSystemSynchronizedBuildFileExceptionSet section */
		854859272F9B4505001123A9 /* Exceptions for "ShareExtension" folder in "ShareExtension" target */ = {
			isa = PBXFileSystemSynchronizedBuildFileExceptionSet;
			membershipExceptions = (
				Info.plist,
			);
			target = 854859172F9B4505001123A9 /* ShareExtension */;
		};
		CF48117DF9A320092E93C628 /* Exceptions for "iosApp" folder in "iosApp" target */ = {
			isa = PBXFileSystemSynchronizedBuildFileExceptionSet;
			membershipExceptions = (
				Info.plist,
			);
			target = 5342D87862510584B561D3EB /* iosApp */;
		};
/* End PBXFileSystemSynchronizedBuildFileExceptionSet section */

/* Begin PBXFileSystemSynchronizedRootGroup section */
		847E4258837F74B255B86409 /* Configuration */ = {
			isa = PBXFileSystemSynchronizedRootGroup;
			path = Configuration;
			sourceTree = "<group>";
		};
		854859192F9B4505001123A9 /* ShareExtension */ = {
			isa = PBXFileSystemSynchronizedRootGroup;
			exceptions = (
				854859272F9B4505001123A9 /* Exceptions for "ShareExtension" folder in "ShareExtension" target */,
			);
			path = ShareExtension;
			sourceTree = "<group>";
		};
		F940F28EAB4E596F4D32FBD2 /* iosApp */ = {
			isa = PBXFileSystemSynchronizedRootGroup;
			exceptions = (
				CF48117DF9A320092E93C628 /* Exceptions for "iosApp" folder in "iosApp" target */,
			);
			path = iosApp;
			sourceTree = "<group>";
		};
/* End PBXFileSystemSynchronizedRootGroup section */

/* Begin PBXFrameworksBuildPhase section */
		0F8842F01A3B3A272E0624BF /* Frameworks */ = {
			isa = PBXFrameworksBuildPhase;
			buildActionMask = 2147483647;
			files = (
				4BA24F0A3D82A194319FD800 /* Foundation.framework in Frameworks */,
			);
			runOnlyForDeploymentPostprocessing = 0;
		};
		854859152F9B4505001123A9 /* Frameworks */ = {
			isa = PBXFrameworksBuildPhase;
			buildActionMask = 2147483647;
			files = (
			);
			runOnlyForDeploymentPostprocessing = 0;
		};
		D48F16A3AF4709DEED6E1963 /* Frameworks */ = {
			isa = PBXFrameworksBuildPhase;
			buildActionMask = 2147483647;
			files = (
				853E04962F8986CD00955A73 /* BugsnagNetworkRequestPlugin in Frameworks */,
				853E04942F8986CD00955A73 /* Bugsnag in Frameworks */,
			);
			runOnlyForDeploymentPostprocessing = 0;
		};
/* End PBXFrameworksBuildPhase section */

/* Begin PBXGroup section */
		1529A7F27D2B97A5C4E2D981 /* Frameworks */ = {
			isa = PBXGroup;
			children = (
				B28D6F34D0BD3862DB9F1938 /* watchOS */,
			);
			name = Frameworks;
			sourceTree = "<group>";
		};
		27347867344F580F81BD0966 /* ChefMateWatch */ = {
			isa = PBXGroup;
			children = (
				825160EF3E8D371F08DD6532 /* AddGroceryItemIntent.swift */,
				750DC6FC6FC31992A18795C0 /* AddItemView.swift */,
				4BEF74BEACFD1A2B404CE647 /* ChefMateWatchApp.swift */,
				6706F1DC1D7DE83A34FB8DCD /* GroceryItemsView.swift */,
				205D39F6B226E5F6DD48DF53 /* GroceryListsView.swift */,
				98B1047D42000AA001D2B573 /* GroceryStore.swift */,
				64F2A7A6357964DEE24CC265 /* WatchConnectivityManager.swift */,
				C9D044ECA48AE60D90F4FCE2 /* Assets.xcassets */,
				E84435B955C3CE5732B9C29B /* Info.plist */,
				513624CF89CC72DEDE2D411D /* WatchModels.swift */,
			);
			path = ChefMateWatch;
			sourceTree = "<group>";
		};
		2CB41F1E2ADF003F3F88F01A /* Products */ = {
			isa = PBXGroup;
			children = (
				A54AB85DFC2E74BAA712FE7C /* Chef Mate.app */,
				854859182F9B4505001123A9 /* ShareExtension.appex */,
				8725AFBF3A257499229E57E1 /* ChefMateWatch.app */,
			);
			name = Products;
			sourceTree = "<group>";
		};
		8A97501C530724768F32B6F3 = {
			isa = PBXGroup;
			children = (
				847E4258837F74B255B86409 /* Configuration */,
				F940F28EAB4E596F4D32FBD2 /* iosApp */,
				854859192F9B4505001123A9 /* ShareExtension */,
				2CB41F1E2ADF003F3F88F01A /* Products */,
				1529A7F27D2B97A5C4E2D981 /* Frameworks */,
				27347867344F580F81BD0966 /* ChefMateWatch */,
			);
			sourceTree = "<group>";
		};
		B28D6F34D0BD3862DB9F1938 /* watchOS */ = {
			isa = PBXGroup;
			children = (
				B9C41D88FCAFE935A1F2856A /* Foundation.framework */,
			);
			name = watchOS;
			sourceTree = "<group>";
		};
/* End PBXGroup section */

/* Begin PBXNativeTarget section */
		5342D87862510584B561D3EB /* iosApp */ = {
			isa = PBXNativeTarget;
			buildConfigurationList = C1581D239576E361F07461FF /* Build configuration list for PBXNativeTarget "iosApp" */;
			buildPhases = (
				E61EFD183216E09BDCB678AC /* Compile Kotlin Framework */,
				483CB0F21AE767C3B2FD88F9 /* Sources */,
				D48F16A3AF4709DEED6E1963 /* Frameworks */,
				CAF1FC802341ECF352B35550 /* Resources */,
				854859232F9B4505001123A9 /* Embed Foundation Extensions */,
				2DEC643011287C4EFA5B6B25 /* Embed Watch Content */,
			);
			buildRules = (
			);
			dependencies = (
				854859212F9B4505001123A9 /* PBXTargetDependency */,
				92B7C6F101FB51CF207A4588 /* PBXTargetDependency */,
			);
			fileSystemSynchronizedGroups = (
				F940F28EAB4E596F4D32FBD2 /* iosApp */,
			);
			name = iosApp;
			packageProductDependencies = (
				853E04932F8986CD00955A73 /* Bugsnag */,
				853E04952F8986CD00955A73 /* BugsnagNetworkRequestPlugin */,
			);
			productName = iosApp;
			productReference = A54AB85DFC2E74BAA712FE7C /* Chef Mate.app */;
			productType = "com.apple.product-type.application";
		};
		854859172F9B4505001123A9 /* ShareExtension */ = {
			isa = PBXNativeTarget;
			buildConfigurationList = 854859262F9B4505001123A9 /* Build configuration list for PBXNativeTarget "ShareExtension" */;
			buildPhases = (
				854859142F9B4505001123A9 /* Sources */,
				854859152F9B4505001123A9 /* Frameworks */,
				854859162F9B4505001123A9 /* Resources */,
			);
			buildRules = (
			);
			dependencies = (
			);
			fileSystemSynchronizedGroups = (
				854859192F9B4505001123A9 /* ShareExtension */,
			);
			name = ShareExtension;
			productName = ShareExtension;
			productReference = 854859182F9B4505001123A9 /* ShareExtension.appex */;
			productType = "com.apple.product-type.app-extension";
		};
		CBF9AFC8E8726D886BBB926C /* ChefMateWatch */ = {
			isa = PBXNativeTarget;
			buildConfigurationList = 7D0CB3CB0B357CBD682D2E61 /* Build configuration list for PBXNativeTarget "ChefMateWatch" */;
			buildPhases = (
				F8987A537A351F3685548B0A /* Sources */,
				0F8842F01A3B3A272E0624BF /* Frameworks */,
				E4921239CA63268FAD350665 /* Resources */,
			);
			buildRules = (
			);
			dependencies = (
			);
			name = ChefMateWatch;
			productName = ChefMateWatch;
			productReference = 8725AFBF3A257499229E57E1 /* ChefMateWatch.app */;
			productType = "com.apple.product-type.application";
		};
/* End PBXNativeTarget section */

/* Begin PBXProject section */
		CDB0B4ADAA143F5F0B669BBA /* Project object */ = {
			isa = PBXProject;
			attributes = {
				BuildIndependentTargetsInParallel = 1;
				LastSwiftUpdateCheck = 2640;
				LastUpgradeCheck = 2640;
				TargetAttributes = {
					5342D87862510584B561D3EB = {
						CreatedOnToolsVersion = 16.2;
					};
					854859172F9B4505001123A9 = {
						CreatedOnToolsVersion = 26.4;
					};
				};
			};
			buildConfigurationList = 595CE67E01D997F8B747B9E2 /* Build configuration list for PBXProject "iosApp" */;
			developmentRegion = en;
			hasScannedForEncodings = 0;
			knownRegions = (
				en,
				Base,
			);
			mainGroup = 8A97501C530724768F32B6F3;
			minimizedProjectReferenceProxies = 1;
			packageReferences = (
				853E04922F8986CD00955A73 /* XCRemoteSwiftPackageReference "bugsnag-cocoa" */,
			);
			preferredProjectObjectVersion = 77;
			productRefGroup = 2CB41F1E2ADF003F3F88F01A /* Products */;
			projectDirPath = "";
			projectRoot = "";
			targets = (
				5342D87862510584B561D3EB /* iosApp */,
				854859172F9B4505001123A9 /* ShareExtension */,
				CBF9AFC8E8726D886BBB926C /* ChefMateWatch */,
			);
		};
/* End PBXProject section */

/* Begin PBXResourcesBuildPhase section */
		854859162F9B4505001123A9 /* Resources */ = {
			isa = PBXResourcesBuildPhase;
			buildActionMask = 2147483647;
			files = (
			);
			runOnlyForDeploymentPostprocessing = 0;
		};
		CAF1FC802341ECF352B35550 /* Resources */ = {
			isa = PBXResourcesBuildPhase;
			buildActionMask = 2147483647;
			files = (
			);
			runOnlyForDeploymentPostprocessing = 0;
		};
		E4921239CA63268FAD350665 /* Resources */ = {
			isa = PBXResourcesBuildPhase;
			buildActionMask = 2147483647;
			files = (
				CF419526CBA2B9512C25EB14 /* Assets.xcassets in Resources */,
			);
			runOnlyForDeploymentPostprocessing = 0;
		};
/* End PBXResourcesBuildPhase section */

/* Begin PBXShellScriptBuildPhase section */
		E61EFD183216E09BDCB678AC /* Compile Kotlin Framework */ = {
			isa = PBXShellScriptBuildPhase;
			alwaysOutOfDate = 1;
			buildActionMask = 2147483647;
			files = (
			);
			inputFileListPaths = (
			);
			inputPaths = (
			);
			name = "Compile Kotlin Framework";
			outputFileListPaths = (
			);
			outputPaths = (
			);
			runOnlyForDeploymentPostprocessing = 0;
			shellPath = /bin/sh;
			shellScript = "if [ \"YES\" = \"$OVERRIDE_KOTLIN_BUILD_IDE_SUPPORTED\" ]; then\n  echo \"Skipping Gradle build task invocation due to OVERRIDE_KOTLIN_BUILD_IDE_SUPPORTED environment variable set to \\\"YES\\\"\"\n  exit 0\nfi\ncd \"$SRCROOT/..\"\nif [ -z \"$JAVA_HOME\" ]; then\n  export JAVA_HOME=\"$HOME/.sdkman/candidates/java/current\"\nfi\n./gradlew :client:composeApp:embedAndSignAppleFrameworkForXcode\n";
		};
/* End PBXShellScriptBuildPhase section */

/* Begin PBXSourcesBuildPhase section */
		483CB0F21AE767C3B2FD88F9 /* Sources */ = {
			isa = PBXSourcesBuildPhase;
			buildActionMask = 2147483647;
			files = (
			);
			runOnlyForDeploymentPostprocessing = 0;
		};
		854859142F9B4505001123A9 /* Sources */ = {
			isa = PBXSourcesBuildPhase;
			buildActionMask = 2147483647;
			files = (
			);
			runOnlyForDeploymentPostprocessing = 0;
		};
		F8987A537A351F3685548B0A /* Sources */ = {
			isa = PBXSourcesBuildPhase;
			buildActionMask = 2147483647;
			files = (
				24FF1CCB90D0CD0AB589B77F /* AddGroceryItemIntent.swift in Sources */,
				11FE675F19E9CC0656E93D9B /* AddItemView.swift in Sources */,
				4937AE697F9348F50E9030D7 /* ChefMateWatchApp.swift in Sources */,
				B7E9C9113F8FBD3BF7F3AFFC /* GroceryItemsView.swift in Sources */,
				5DA185BE6CE5D2A755647382 /* GroceryListsView.swift in Sources */,
				7B98E0F5B887BC1A44E24940 /* GroceryStore.swift in Sources */,
				45271137CF1F716C66193C8B /* WatchConnectivityManager.swift in Sources */,
				37939589E99256E5C1D87455 /* WatchModels.swift in Sources */,
			);
			runOnlyForDeploymentPostprocessing = 0;
		};
/* End PBXSourcesBuildPhase section */

/* Begin PBXTargetDependency section */
		854859212F9B4505001123A9 /* PBXTargetDependency */ = {
			isa = PBXTargetDependency;
			target = 854859172F9B4505001123A9 /* ShareExtension */;
			targetProxy = 854859202F9B4505001123A9 /* PBXContainerItemProxy */;
		};
		92B7C6F101FB51CF207A4588 /* PBXTargetDependency */ = {
			isa = PBXTargetDependency;
			name = ChefMateWatch;
			target = CBF9AFC8E8726D886BBB926C /* ChefMateWatch */;
			targetProxy = C39681C8C4DF58B47A02D53B /* PBXContainerItemProxy */;
		};
/* End PBXTargetDependency section */

/* Begin XCBuildConfiguration section */
		37956D9F7780560CC3A29E75 /* Release */ = {
			isa = XCBuildConfiguration;
			buildSettings = {
				ALWAYS_EMBED_SWIFT_STANDARD_LIBRARIES = YES;
				ASSETCATALOG_COMPILER_APPICON_NAME = AppIcon;
				ASSETCATALOG_COMPILER_GLOBAL_ACCENT_COLOR_NAME = AccentColor;
				CODE_SIGN_IDENTITY = "Apple Development";
				"CODE_SIGN_IDENTITY[sdk=watchos*]" = "Apple Distribution";
				CODE_SIGN_STYLE = Manual;
				CURRENT_PROJECT_VERSION = 1;
				DEVELOPMENT_TEAM = Y89258SF5P;
				ENABLE_PREVIEWS = YES;
				GENERATE_INFOPLIST_FILE = NO;
				INFOPLIST_FILE = ChefMateWatch/Info.plist;
				LD_RUNPATH_SEARCH_PATHS = (
					"$(inherited)",
					"@executable_path/Frameworks",
				);
				MARKETING_VERSION = 1.0.0;
				OTHER_LDFLAGS = "$(inherited)";
				PRODUCT_BUNDLE_IDENTIFIER = com.plusmobileapps.chefmate.ChefMate.watchkitapp;
				PRODUCT_NAME = ChefMateWatch;
				"PROVISIONING_PROFILE_SPECIFIER[sdk=watchos*]" = "match AppStore com.plusmobileapps.chefmate.ChefMate.watchkitapp";
				SDKROOT = watchos;
				SKIP_INSTALL = YES;
				SWIFT_EMIT_LOC_STRINGS = YES;
				SWIFT_VERSION = 5.0;
				TARGETED_DEVICE_FAMILY = 4;
				VALIDATE_PRODUCT = YES;
				WATCHOS_DEPLOYMENT_TARGET = 10.0;
			};
			name = Release;
		};
		50C837BD97BE4CCFFA99F137 /* Release */ = {
			isa = XCBuildConfiguration;
			buildSettings = {
				ASSETCATALOG_COMPILER_APPICON_NAME = AppIcon;
				ASSETCATALOG_COMPILER_GLOBAL_ACCENT_COLOR_NAME = AccentColor;
				CODE_SIGN_ENTITLEMENTS = iosApp/iosApp.entitlements;
				CODE_SIGN_IDENTITY = "Apple Development";
				"CODE_SIGN_IDENTITY[sdk=iphoneos*]" = "Apple Distribution";
				CODE_SIGN_STYLE = Manual;
				DEVELOPMENT_ASSET_PATHS = "\"iosApp/Preview Content\"";
				DEVELOPMENT_TEAM = "";
				"DEVELOPMENT_TEAM[sdk=iphoneos*]" = Y89258SF5P;
				ENABLE_PREVIEWS = YES;
				GENERATE_INFOPLIST_FILE = YES;
				INFOPLIST_FILE = iosApp/Info.plist;
				INFOPLIST_KEY_UIApplicationSceneManifest_Generation = YES;
				INFOPLIST_KEY_UIApplicationSupportsIndirectInputEvents = YES;
				INFOPLIST_KEY_UILaunchScreen_Generation = YES;
				INFOPLIST_KEY_UISupportedInterfaceOrientations_iPad = "UIInterfaceOrientationPortrait UIInterfaceOrientationPortraitUpsideDown UIInterfaceOrientationLandscapeLeft UIInterfaceOrientationLandscapeRight";
				INFOPLIST_KEY_UISupportedInterfaceOrientations_iPhone = "UIInterfaceOrientationPortrait UIInterfaceOrientationLandscapeLeft UIInterfaceOrientationLandscapeRight";
				LD_RUNPATH_SEARCH_PATHS = (
					"$(inherited)",
					"@executable_path/Frameworks",
				);
				OTHER_LDFLAGS = "-lsqlite3";
				PROVISIONING_PROFILE_SPECIFIER = "";
				"PROVISIONING_PROFILE_SPECIFIER[sdk=iphoneos*]" = "match AppStore com.plusmobileapps.chefmate.ChefMate";
				SWIFT_EMIT_LOC_STRINGS = YES;
				SWIFT_VERSION = 5.0;
				TARGETED_DEVICE_FAMILY = "1,2";
			};
			name = Release;
		};
		61D8019E398CAAE4612427A7 /* Debug */ = {
			isa = XCBuildConfiguration;
			baseConfigurationReferenceAnchor = 847E4258837F74B255B86409 /* Configuration */;
			baseConfigurationReferenceRelativePath = Config.xcconfig;
			buildSettings = {
				ALWAYS_SEARCH_USER_PATHS = NO;
				ASSETCATALOG_COMPILER_GENERATE_SWIFT_ASSET_SYMBOL_EXTENSIONS = YES;
				CLANG_ANALYZER_NONNULL = YES;
				CLANG_ANALYZER_NUMBER_OBJECT_CONVERSION = YES_AGGRESSIVE;
				CLANG_CXX_LANGUAGE_STANDARD = "gnu++20";
				CLANG_ENABLE_MODULES = YES;
				CLANG_ENABLE_OBJC_ARC = YES;
				CLANG_ENABLE_OBJC_WEAK = YES;
				CLANG_WARN_BLOCK_CAPTURE_AUTORELEASING = YES;
				CLANG_WARN_BOOL_CONVERSION = YES;
				CLANG_WARN_COMMA = YES;
				CLANG_WARN_CONSTANT_CONVERSION = YES;
				CLANG_WARN_DEPRECATED_OBJC_IMPLEMENTATIONS = YES;
				CLANG_WARN_DIRECT_OBJC_ISA_USAGE = YES_ERROR;
				CLANG_WARN_DOCUMENTATION_COMMENTS = YES;
				CLANG_WARN_EMPTY_BODY = YES;
				CLANG_WARN_ENUM_CONVERSION = YES;
				CLANG_WARN_INFINITE_RECURSION = YES;
				CLANG_WARN_INT_CONVERSION = YES;
				CLANG_WARN_NON_LITERAL_NULL_CONVERSION = YES;
				CLANG_WARN_OBJC_IMPLICIT_RETAIN_SELF = YES;
				CLANG_WARN_OBJC_LITERAL_CONVERSION = YES;
				CLANG_WARN_OBJC_ROOT_CLASS = YES_ERROR;
				CLANG_WARN_QUOTED_INCLUDE_IN_FRAMEWORK_HEADER = YES;
				CLANG_WARN_RANGE_LOOP_ANALYSIS = YES;
				CLANG_WARN_STRICT_PROTOTYPES = YES;
				CLANG_WARN_SUSPICIOUS_MOVE = YES;
				CLANG_WARN_UNGUARDED_AVAILABILITY = YES_AGGRESSIVE;
				CLANG_WARN_UNREACHABLE_CODE = YES;
				CLANG_WARN__DUPLICATE_METHOD_MATCH = YES;
				COPY_PHASE_STRIP = NO;
				DEBUG_INFORMATION_FORMAT = dwarf;
				ENABLE_STRICT_OBJC_MSGSEND = YES;
				ENABLE_TESTABILITY = YES;
				ENABLE_USER_SCRIPT_SANDBOXING = NO;
				GCC_C_LANGUAGE_STANDARD = gnu17;
				GCC_DYNAMIC_NO_PIC = NO;
				GCC_NO_COMMON_BLOCKS = YES;
				GCC_OPTIMIZATION_LEVEL = 0;
				GCC_PREPROCESSOR_DEFINITIONS = (
					"DEBUG=1",
					"$(inherited)",
				);
				GCC_WARN_64_TO_32_BIT_CONVERSION = YES;
				GCC_WARN_ABOUT_RETURN_TYPE = YES_ERROR;
				GCC_WARN_UNDECLARED_SELECTOR = YES;
				GCC_WARN_UNINITIALIZED_AUTOS = YES_AGGRESSIVE;
				GCC_WARN_UNUSED_FUNCTION = YES;
				GCC_WARN_UNUSED_VARIABLE = YES;
				IPHONEOS_DEPLOYMENT_TARGET = 18.2;
				LOCALIZATION_PREFERS_STRING_CATALOGS = YES;
				MTL_ENABLE_DEBUG_INFO = INCLUDE_SOURCE;
				MTL_FAST_MATH = YES;
				ONLY_ACTIVE_ARCH = YES;
				SDKROOT = iphoneos;
				STRING_CATALOG_GENERATE_SYMBOLS = YES;
				SWIFT_ACTIVE_COMPILATION_CONDITIONS = "DEBUG $(inherited)";
				SWIFT_OPTIMIZATION_LEVEL = "-Onone";
			};
			name = Debug;
		};
		854859242F9B4505001123A9 /* Debug */ = {
			isa = XCBuildConfiguration;
			buildSettings = {
				CODE_SIGN_IDENTITY = "Apple Development";
				CODE_SIGN_STYLE = Automatic;
				CURRENT_PROJECT_VERSION = 50commi;
				DEVELOPMENT_TEAM = Y89258SF5P;
				ENABLE_USER_SCRIPT_SANDBOXING = YES;
				GENERATE_INFOPLIST_FILE = YES;
				INFOPLIST_FILE = ShareExtension/Info.plist;
				INFOPLIST_KEY_CFBundleDisplayName = ShareExtension;
				INFOPLIST_KEY_NSHumanReadableCopyright = "";
				IPHONEOS_DEPLOYMENT_TARGET = 18.2;
				LD_RUNPATH_SEARCH_PATHS = (
					"$(inherited)",
					"@executable_path/Frameworks",
					"@executable_path/../../Frameworks",
				);
				MARKETING_VERSION = 1.0.2;
				PRODUCT_BUNDLE_IDENTIFIER = com.plusmobileapps.chefmate.ChefMate.ShareExtension;
				PRODUCT_NAME = "$(TARGET_NAME)";
				SKIP_INSTALL = YES;
				STRING_CATALOG_GENERATE_SYMBOLS = YES;
				SWIFT_APPROACHABLE_CONCURRENCY = YES;
				SWIFT_EMIT_LOC_STRINGS = YES;
				SWIFT_UPCOMING_FEATURE_MEMBER_IMPORT_VISIBILITY = YES;
				SWIFT_VERSION = 5.0;
				TARGETED_DEVICE_FAMILY = "1,2";
			};
			name = Debug;
		};
		854859252F9B4505001123A9 /* Release */ = {
			isa = XCBuildConfiguration;
			buildSettings = {
				CODE_SIGN_IDENTITY = "Apple Development";
				"CODE_SIGN_IDENTITY[sdk=iphoneos*]" = "Apple Distribution";
				CODE_SIGN_STYLE = Manual;
				CURRENT_PROJECT_VERSION = 50commi;
				DEVELOPMENT_TEAM = "";
				"DEVELOPMENT_TEAM[sdk=iphoneos*]" = Y89258SF5P;
				ENABLE_USER_SCRIPT_SANDBOXING = YES;
				GENERATE_INFOPLIST_FILE = YES;
				INFOPLIST_FILE = ShareExtension/Info.plist;
				INFOPLIST_KEY_CFBundleDisplayName = ShareExtension;
				INFOPLIST_KEY_NSHumanReadableCopyright = "";
				IPHONEOS_DEPLOYMENT_TARGET = 18.2;
				LD_RUNPATH_SEARCH_PATHS = (
					"$(inherited)",
					"@executable_path/Frameworks",
					"@executable_path/../../Frameworks",
				);
				MARKETING_VERSION = 1.0.2;
				PRODUCT_BUNDLE_IDENTIFIER = com.plusmobileapps.chefmate.ChefMate.ShareExtension;
				PRODUCT_NAME = "$(TARGET_NAME)";
				PROVISIONING_PROFILE_SPECIFIER = "";
				"PROVISIONING_PROFILE_SPECIFIER[sdk=iphoneos*]" = "match AppStore com.plusmobileapps.chefmate.ChefMate.ShareExtension";
				SKIP_INSTALL = YES;
				STRING_CATALOG_GENERATE_SYMBOLS = YES;
				SWIFT_APPROACHABLE_CONCURRENCY = YES;
				SWIFT_EMIT_LOC_STRINGS = YES;
				SWIFT_UPCOMING_FEATURE_MEMBER_IMPORT_VISIBILITY = YES;
				SWIFT_VERSION = 5.0;
				TARGETED_DEVICE_FAMILY = "1,2";
			};
			name = Release;
		};
		8E5068A4EAAEF5E9C73A2FB5 /* Debug */ = {
			isa = XCBuildConfiguration;
			buildSettings = {
				ASSETCATALOG_COMPILER_APPICON_NAME = AppIcon;
				ASSETCATALOG_COMPILER_GLOBAL_ACCENT_COLOR_NAME = AccentColor;
				CODE_SIGN_ENTITLEMENTS = iosApp/iosApp.entitlements;
				CODE_SIGN_IDENTITY = "Apple Development";
				CODE_SIGN_STYLE = Automatic;
				DEVELOPMENT_ASSET_PATHS = "\"iosApp/Preview Content\"";
				DEVELOPMENT_TEAM = Y89258SF5P;
				ENABLE_PREVIEWS = YES;
				GENERATE_INFOPLIST_FILE = YES;
				INFOPLIST_FILE = iosApp/Info.plist;
				INFOPLIST_KEY_UIApplicationSceneManifest_Generation = YES;
				INFOPLIST_KEY_UIApplicationSupportsIndirectInputEvents = YES;
				INFOPLIST_KEY_UILaunchScreen_Generation = YES;
				INFOPLIST_KEY_UISupportedInterfaceOrientations_iPad = "UIInterfaceOrientationPortrait UIInterfaceOrientationPortraitUpsideDown UIInterfaceOrientationLandscapeLeft UIInterfaceOrientationLandscapeRight";
				INFOPLIST_KEY_UISupportedInterfaceOrientations_iPhone = "UIInterfaceOrientationPortrait UIInterfaceOrientationLandscapeLeft UIInterfaceOrientationLandscapeRight";
				LD_RUNPATH_SEARCH_PATHS = (
					"$(inherited)",
					"@executable_path/Frameworks",
				);
				OTHER_LDFLAGS = "-lsqlite3";
				PROVISIONING_PROFILE_SPECIFIER = "";
				SWIFT_EMIT_LOC_STRINGS = YES;
				SWIFT_VERSION = 5.0;
				TARGETED_DEVICE_FAMILY = "1,2";
			};
			name = Debug;
		};
		C01F19EEBFA935F451570D05 /* Debug */ = {
			isa = XCBuildConfiguration;
			buildSettings = {
				ALWAYS_EMBED_SWIFT_STANDARD_LIBRARIES = YES;
				ASSETCATALOG_COMPILER_APPICON_NAME = AppIcon;
				ASSETCATALOG_COMPILER_GLOBAL_ACCENT_COLOR_NAME = AccentColor;
				CODE_SIGN_IDENTITY = "Apple Development";
				CODE_SIGN_STYLE = Automatic;
				CURRENT_PROJECT_VERSION = 1;
				DEVELOPMENT_TEAM = Y89258SF5P;
				ENABLE_PREVIEWS = YES;
				GENERATE_INFOPLIST_FILE = NO;
				INFOPLIST_FILE = ChefMateWatch/Info.plist;
				LD_RUNPATH_SEARCH_PATHS = (
					"$(inherited)",
					"@executable_path/Frameworks",
				);
				MARKETING_VERSION = 1.0.0;
				OTHER_LDFLAGS = "$(inherited)";
				PRODUCT_BUNDLE_IDENTIFIER = com.plusmobileapps.chefmate.ChefMate.watchkitapp;
				PRODUCT_NAME = ChefMateWatch;
				PROVISIONING_PROFILE_SPECIFIER = "";
				SDKROOT = watchos;
				SKIP_INSTALL = YES;
				SWIFT_EMIT_LOC_STRINGS = YES;
				SWIFT_VERSION = 5.0;
				TARGETED_DEVICE_FAMILY = 4;
				WATCHOS_DEPLOYMENT_TARGET = 10.0;
			};
			name = Debug;
		};
		C6CC46FB88C80DF4FB55F1DA /* Release */ = {
			isa = XCBuildConfiguration;
			baseConfigurationReferenceAnchor = 847E4258837F74B255B86409 /* Configuration */;
			baseConfigurationReferenceRelativePath = Config.xcconfig;
			buildSettings = {
				ALWAYS_SEARCH_USER_PATHS = NO;
				ASSETCATALOG_COMPILER_GENERATE_SWIFT_ASSET_SYMBOL_EXTENSIONS = YES;
				CLANG_ANALYZER_NONNULL = YES;
				CLANG_ANALYZER_NUMBER_OBJECT_CONVERSION = YES_AGGRESSIVE;
				CLANG_CXX_LANGUAGE_STANDARD = "gnu++20";
				CLANG_ENABLE_MODULES = YES;
				CLANG_ENABLE_OBJC_ARC = YES;
				CLANG_ENABLE_OBJC_WEAK = YES;
				CLANG_WARN_BLOCK_CAPTURE_AUTORELEASING = YES;
				CLANG_WARN_BOOL_CONVERSION = YES;
				CLANG_WARN_COMMA = YES;
				CLANG_WARN_CONSTANT_CONVERSION = YES;
				CLANG_WARN_DEPRECATED_OBJC_IMPLEMENTATIONS = YES;
				CLANG_WARN_DIRECT_OBJC_ISA_USAGE = YES_ERROR;
				CLANG_WARN_DOCUMENTATION_COMMENTS = YES;
				CLANG_WARN_EMPTY_BODY = YES;
				CLANG_WARN_ENUM_CONVERSION = YES;
				CLANG_WARN_INFINITE_RECURSION = YES;
				CLANG_WARN_INT_CONVERSION = YES;
				CLANG_WARN_NON_LITERAL_NULL_CONVERSION = YES;
				CLANG_WARN_OBJC_IMPLICIT_RETAIN_SELF = YES;
				CLANG_WARN_OBJC_LITERAL_CONVERSION = YES;
				CLANG_WARN_OBJC_ROOT_CLASS = YES_ERROR;
				CLANG_WARN_QUOTED_INCLUDE_IN_FRAMEWORK_HEADER = YES;
				CLANG_WARN_RANGE_LOOP_ANALYSIS = YES;
				CLANG_WARN_STRICT_PROTOTYPES = YES;
				CLANG_WARN_SUSPICIOUS_MOVE = YES;
				CLANG_WARN_UNGUARDED_AVAILABILITY = YES_AGGRESSIVE;
				CLANG_WARN_UNREACHABLE_CODE = YES;
				CLANG_WARN__DUPLICATE_METHOD_MATCH = YES;
				COPY_PHASE_STRIP = NO;
				DEBUG_INFORMATION_FORMAT = "dwarf-with-dsym";
				ENABLE_NS_ASSERTIONS = NO;
				ENABLE_STRICT_OBJC_MSGSEND = YES;
				ENABLE_USER_SCRIPT_SANDBOXING = NO;
				GCC_C_LANGUAGE_STANDARD = gnu17;
				GCC_NO_COMMON_BLOCKS = YES;
				GCC_WARN_64_TO_32_BIT_CONVERSION = YES;
				GCC_WARN_ABOUT_RETURN_TYPE = YES_ERROR;
				GCC_WARN_UNDECLARED_SELECTOR = YES;
				GCC_WARN_UNINITIALIZED_AUTOS = YES_AGGRESSIVE;
				GCC_WARN_UNUSED_FUNCTION = YES;
				GCC_WARN_UNUSED_VARIABLE = YES;
				IPHONEOS_DEPLOYMENT_TARGET = 18.2;
				LOCALIZATION_PREFERS_STRING_CATALOGS = YES;
				MTL_ENABLE_DEBUG_INFO = NO;
				MTL_FAST_MATH = YES;
				SDKROOT = iphoneos;
				STRING_CATALOG_GENERATE_SYMBOLS = YES;
				SWIFT_COMPILATION_MODE = wholemodule;
				VALIDATE_PRODUCT = YES;
			};
			name = Release;
		};
/* End XCBuildConfiguration section */

/* Begin XCConfigurationList section */
		595CE67E01D997F8B747B9E2 /* Build configuration list for PBXProject "iosApp" */ = {
			isa = XCConfigurationList;
			buildConfigurations = (
				61D8019E398CAAE4612427A7 /* Debug */,
				C6CC46FB88C80DF4FB55F1DA /* Release */,
			);
			defaultConfigurationIsVisible = 0;
			defaultConfigurationName = Release;
		};
		7D0CB3CB0B357CBD682D2E61 /* Build configuration list for PBXNativeTarget "ChefMateWatch" */ = {
			isa = XCConfigurationList;
			buildConfigurations = (
				37956D9F7780560CC3A29E75 /* Release */,
				C01F19EEBFA935F451570D05 /* Debug */,
			);
			defaultConfigurationIsVisible = 0;
			defaultConfigurationName = Release;
		};
		854859262F9B4505001123A9 /* Build configuration list for PBXNativeTarget "ShareExtension" */ = {
			isa = XCConfigurationList;
			buildConfigurations = (
				854859242F9B4505001123A9 /* Debug */,
				854859252F9B4505001123A9 /* Release */,
			);
			defaultConfigurationIsVisible = 0;
			defaultConfigurationName = Release;
		};
		C1581D239576E361F07461FF /* Build configuration list for PBXNativeTarget "iosApp" */ = {
			isa = XCConfigurationList;
			buildConfigurations = (
				8E5068A4EAAEF5E9C73A2FB5 /* Debug */,
				50C837BD97BE4CCFFA99F137 /* Release */,
			);
			defaultConfigurationIsVisible = 0;
			defaultConfigurationName = Release;
		};
/* End XCConfigurationList section */

/* Begin XCRemoteSwiftPackageReference section */
		853E04922F8986CD00955A73 /* XCRemoteSwiftPackageReference "bugsnag-cocoa" */ = {
			isa = XCRemoteSwiftPackageReference;
			repositoryURL = "https://github.com/bugsnag/bugsnag-cocoa";
			requirement = {
				kind = exactVersion;
				version = 6.36.0;
			};
		};
/* End XCRemoteSwiftPackageReference section */

/* Begin XCSwiftPackageProductDependency section */
		853E04932F8986CD00955A73 /* Bugsnag */ = {
			isa = XCSwiftPackageProductDependency;
			package = 853E04922F8986CD00955A73 /* XCRemoteSwiftPackageReference "bugsnag-cocoa" */;
			productName = Bugsnag;
		};
		853E04952F8986CD00955A73 /* BugsnagNetworkRequestPlugin */ = {
			isa = XCSwiftPackageProductDependency;
			package = 853E04922F8986CD00955A73 /* XCRemoteSwiftPackageReference "bugsnag-cocoa" */;
			productName = BugsnagNetworkRequestPlugin;
		};
/* End XCSwiftPackageProductDependency section */
	};
	rootObject = CDB0B4ADAA143F5F0B669BBA /* Project object */;
}
